
Microsoft Visual Studio Solution File, Format Version 12.00
# Visual Studio Version 16
VisualStudioVersion = 16.0.29926.136
MinimumVisualStudioVersion = 10.0.40219.1
Project("{FAE04EC0-301F-11D3-BF4B-00C04F79EFBC}") = "DateTime pg 221", "DateTime pg 221.csproj", "{09999DB9-A90E-4156-89DA-4C3C0F2674CD}"
EndProject
Global
	GlobalSection(SolutionConfigurationPlatforms) = preSolution
		Debug|Any CPU = Debug|Any CPU
		Release|Any CPU = Release|Any CPU
	EndGlobalSection
	GlobalSection(ProjectConfigurationPlatforms) = postSolution
		{09999DB9-A90E-4156-89DA-4C3C0F2674CD}.Debug|Any CPU.ActiveCfg = Debug|Any CPU
		{09999DB9-A90E-4156-89DA-4C3C0F2674CD}.Debug|Any CPU.Build.0 = Debug|Any CPU
		{09999DB9-A90E-4156-89DA-4C3C0F2674CD}.Release|Any CPU.ActiveCfg = Release|Any CPU
		{09999DB9-A90E-4156-89DA-4C3C0F2674CD}.Release|Any CPU.Build.0 = Release|Any CPU
	EndGlobalSection
	GlobalSection(SolutionProperties) = preSolution
		HideSolutionNode = FALSE
	EndGlobalSection
	GlobalSection(ExtensibilityGlobals) = postSolution
		SolutionGuid = {CF420522-A4CB-4A7B-9F32-96A4BAEDC339}
	EndGlobalSection
EndGlobal
