
Microsoft Visual Studio Solution File, Format Version 12.00
# Visual Studio Version 16
VisualStudioVersion = 16.0.29926.136
MinimumVisualStudioVersion = 10.0.40219.1
Project("{FAE04EC0-301F-11D3-BF4B-00C04F79EFBC}") = "the tech academy daily report", "the tech academy daily report.csproj", "{477EE6A1-8366-483E-AEFE-D3ECE6D8297F}"
EndProject
Global
	GlobalSection(SolutionConfigurationPlatforms) = preSolution
		Debug|Any CPU = Debug|Any CPU
		Release|Any CPU = Release|Any CPU
	EndGlobalSection
	GlobalSection(ProjectConfigurationPlatforms) = postSolution
		{477EE6A1-8366-483E-AEFE-D3ECE6D8297F}.Debug|Any CPU.ActiveCfg = Debug|Any CPU
		{477EE6A1-8366-483E-AEFE-D3ECE6D8297F}.Debug|Any CPU.Build.0 = Debug|Any CPU
		{477EE6A1-8366-483E-AEFE-D3ECE6D8297F}.Release|Any CPU.ActiveCfg = Release|Any CPU
		{477EE6A1-8366-483E-AEFE-D3ECE6D8297F}.Release|Any CPU.Build.0 = Release|Any CPU
	EndGlobalSection
	GlobalSection(SolutionProperties) = preSolution
		HideSolutionNode = FALSE
	EndGlobalSection
	GlobalSection(ExtensibilityGlobals) = postSolution
		SolutionGuid = {BACE3D88-3304-40DA-A3EE-AAB459C8C1EE}
	EndGlobalSection
EndGlobal
