
Microsoft Visual Studio Solution File, Format Version 12.00
# Visual Studio Version 16
VisualStudioVersion = 16.0.29926.136
MinimumVisualStudioVersion = 10.0.40219.1
Project("{FAE04EC0-301F-11D3-BF4B-00C04F79EFBC}") = "const construc var pg 221", "const construc var pg 221.csproj", "{B89E4984-126F-4BC7-B348-229E3B171050}"
EndProject
Global
	GlobalSection(SolutionConfigurationPlatforms) = preSolution
		Debug|Any CPU = Debug|Any CPU
		Release|Any CPU = Release|Any CPU
	EndGlobalSection
	GlobalSection(ProjectConfigurationPlatforms) = postSolution
		{B89E4984-126F-4BC7-B348-229E3B171050}.Debug|Any CPU.ActiveCfg = Debug|Any CPU
		{B89E4984-126F-4BC7-B348-229E3B171050}.Debug|Any CPU.Build.0 = Debug|Any CPU
		{B89E4984-126F-4BC7-B348-229E3B171050}.Release|Any CPU.ActiveCfg = Release|Any CPU
		{B89E4984-126F-4BC7-B348-229E3B171050}.Release|Any CPU.Build.0 = Release|Any CPU
	EndGlobalSection
	GlobalSection(SolutionProperties) = preSolution
		HideSolutionNode = FALSE
	EndGlobalSection
	GlobalSection(ExtensibilityGlobals) = postSolution
		SolutionGuid = {019FD346-6253-4467-ACE7-0A16C63E4117}
	EndGlobalSection
EndGlobal
