
Microsoft Visual Studio Solution File, Format Version 12.00
# Visual Studio Version 16
VisualStudioVersion = 16.0.30011.22
MinimumVisualStudioVersion = 10.0.40219.1
Project("{FAE04EC0-301F-11D3-BF4B-00C04F79EFBC}") = "class assignment pg156", "class assignment pg156.csproj", "{68919A45-07D6-4B0F-8133-71D5AAE68A4C}"
EndProject
Global
	GlobalSection(SolutionConfigurationPlatforms) = preSolution
		Debug|Any CPU = Debug|Any CPU
		Release|Any CPU = Release|Any CPU
	EndGlobalSection
	GlobalSection(ProjectConfigurationPlatforms) = postSolution
		{68919A45-07D6-4B0F-8133-71D5AAE68A4C}.Debug|Any CPU.ActiveCfg = Debug|Any CPU
		{68919A45-07D6-4B0F-8133-71D5AAE68A4C}.Debug|Any CPU.Build.0 = Debug|Any CPU
		{68919A45-07D6-4B0F-8133-71D5AAE68A4C}.Release|Any CPU.ActiveCfg = Release|Any CPU
		{68919A45-07D6-4B0F-8133-71D5AAE68A4C}.Release|Any CPU.Build.0 = Release|Any CPU
	EndGlobalSection
	GlobalSection(SolutionProperties) = preSolution
		HideSolutionNode = FALSE
	EndGlobalSection
	GlobalSection(ExtensibilityGlobals) = postSolution
		SolutionGuid = {C84ED085-9639-48D9-8F6C-DD6A25939357}
	EndGlobalSection
EndGlobal
