
Microsoft Visual Studio Solution File, Format Version 12.00
# Visual Studio Version 16
VisualStudioVersion = 16.0.29926.136
MinimumVisualStudioVersion = 10.0.40219.1
Project("{FAE04EC0-301F-11D3-BF4B-00C04F79EFBC}") = "Anonymous Income Comparison Program", "Anonymous Income Comparison Program.csproj", "{37EF2199-9076-41B2-A6E8-62D5131241D2}"
EndProject
Global
	GlobalSection(SolutionConfigurationPlatforms) = preSolution
		Debug|Any CPU = Debug|Any CPU
		Release|Any CPU = Release|Any CPU
	EndGlobalSection
	GlobalSection(ProjectConfigurationPlatforms) = postSolution
		{37EF2199-9076-41B2-A6E8-62D5131241D2}.Debug|Any CPU.ActiveCfg = Debug|Any CPU
		{37EF2199-9076-41B2-A6E8-62D5131241D2}.Debug|Any CPU.Build.0 = Debug|Any CPU
		{37EF2199-9076-41B2-A6E8-62D5131241D2}.Release|Any CPU.ActiveCfg = Release|Any CPU
		{37EF2199-9076-41B2-A6E8-62D5131241D2}.Release|Any CPU.Build.0 = Release|Any CPU
	EndGlobalSection
	GlobalSection(SolutionProperties) = preSolution
		HideSolutionNode = FALSE
	EndGlobalSection
	GlobalSection(ExtensibilityGlobals) = postSolution
		SolutionGuid = {FF1E935E-5A60-4F10-AAEF-5CCEF99E8AB4}
	EndGlobalSection
EndGlobal
