
Microsoft Visual Studio Solution File, Format Version 12.00
# Visual Studio Version 16
VisualStudioVersion = 16.0.30011.22
MinimumVisualStudioVersion = 10.0.40219.1
Project("{FAE04EC0-301F-11D3-BF4B-00C04F79EFBC}") = "inheritance pg 169", "inheritance pg 169.csproj", "{EAC0E60B-43ED-494A-BEA3-C59EEEC9649D}"
EndProject
Global
	GlobalSection(SolutionConfigurationPlatforms) = preSolution
		Debug|Any CPU = Debug|Any CPU
		Release|Any CPU = Release|Any CPU
	EndGlobalSection
	GlobalSection(ProjectConfigurationPlatforms) = postSolution
		{EAC0E60B-43ED-494A-BEA3-C59EEEC9649D}.Debug|Any CPU.ActiveCfg = Debug|Any CPU
		{EAC0E60B-43ED-494A-BEA3-C59EEEC9649D}.Debug|Any CPU.Build.0 = Debug|Any CPU
		{EAC0E60B-43ED-494A-BEA3-C59EEEC9649D}.Release|Any CPU.ActiveCfg = Release|Any CPU
		{EAC0E60B-43ED-494A-BEA3-C59EEEC9649D}.Release|Any CPU.Build.0 = Release|Any CPU
	EndGlobalSection
	GlobalSection(SolutionProperties) = preSolution
		HideSolutionNode = FALSE
	EndGlobalSection
	GlobalSection(ExtensibilityGlobals) = postSolution
		SolutionGuid = {4277B291-EAF8-4359-8672-EEBE609E0E69}
	EndGlobalSection
EndGlobal
