
Microsoft Visual Studio Solution File, Format Version 12.00
# Visual Studio Version 16
VisualStudioVersion = 16.0.29926.136
MinimumVisualStudioVersion = 10.0.40219.1
Project("{FAE04EC0-301F-11D3-BF4B-00C04F79EFBC}") = "shipping quote package", "shipping quote package.csproj", "{DCD116FD-6D18-4C57-9DC7-B3D508E19816}"
EndProject
Global
	GlobalSection(SolutionConfigurationPlatforms) = preSolution
		Debug|Any CPU = Debug|Any CPU
		Release|Any CPU = Release|Any CPU
	EndGlobalSection
	GlobalSection(ProjectConfigurationPlatforms) = postSolution
		{DCD116FD-6D18-4C57-9DC7-B3D508E19816}.Debug|Any CPU.ActiveCfg = Debug|Any CPU
		{DCD116FD-6D18-4C57-9DC7-B3D508E19816}.Debug|Any CPU.Build.0 = Debug|Any CPU
		{DCD116FD-6D18-4C57-9DC7-B3D508E19816}.Release|Any CPU.ActiveCfg = Release|Any CPU
		{DCD116FD-6D18-4C57-9DC7-B3D508E19816}.Release|Any CPU.Build.0 = Release|Any CPU
	EndGlobalSection
	GlobalSection(SolutionProperties) = preSolution
		HideSolutionNode = FALSE
	EndGlobalSection
	GlobalSection(ExtensibilityGlobals) = postSolution
		SolutionGuid = {61CDC7E7-9015-43C2-B580-2543A40973E0}
	EndGlobalSection
EndGlobal
