
Microsoft Visual Studio Solution File, Format Version 12.00
# Visual Studio Version 16
VisualStudioVersion = 16.0.30011.22
MinimumVisualStudioVersion = 10.0.40219.1
Project("{FAE04EC0-301F-11D3-BF4B-00C04F79EFBC}") = "operator overload pg 184", "operator overload pg 184.csproj", "{C9986A47-170A-44E8-AD39-21C9E3EE5CD8}"
EndProject
Global
	GlobalSection(SolutionConfigurationPlatforms) = preSolution
		Debug|Any CPU = Debug|Any CPU
		Release|Any CPU = Release|Any CPU
	EndGlobalSection
	GlobalSection(ProjectConfigurationPlatforms) = postSolution
		{C9986A47-170A-44E8-AD39-21C9E3EE5CD8}.Debug|Any CPU.ActiveCfg = Debug|Any CPU
		{C9986A47-170A-44E8-AD39-21C9E3EE5CD8}.Debug|Any CPU.Build.0 = Debug|Any CPU
		{C9986A47-170A-44E8-AD39-21C9E3EE5CD8}.Release|Any CPU.ActiveCfg = Release|Any CPU
		{C9986A47-170A-44E8-AD39-21C9E3EE5CD8}.Release|Any CPU.Build.0 = Release|Any CPU
	EndGlobalSection
	GlobalSection(SolutionProperties) = preSolution
		HideSolutionNode = FALSE
	EndGlobalSection
	GlobalSection(ExtensibilityGlobals) = postSolution
		SolutionGuid = {80B15B20-81E9-4AFB-B73E-6BACB5799B99}
	EndGlobalSection
EndGlobal
