
Microsoft Visual Studio Solution File, Format Version 12.00
# Visual Studio Version 16
VisualStudioVersion = 16.0.30011.22
MinimumVisualStudioVersion = 10.0.40219.1
Project("{FAE04EC0-301F-11D3-BF4B-00C04F79EFBC}") = "methods pg 159", "methods pg 159.csproj", "{3BF6D383-6BFC-4DBB-9A92-C2D218560059}"
EndProject
Global
	GlobalSection(SolutionConfigurationPlatforms) = preSolution
		Debug|Any CPU = Debug|Any CPU
		Release|Any CPU = Release|Any CPU
	EndGlobalSection
	GlobalSection(ProjectConfigurationPlatforms) = postSolution
		{3BF6D383-6BFC-4DBB-9A92-C2D218560059}.Debug|Any CPU.ActiveCfg = Debug|Any CPU
		{3BF6D383-6BFC-4DBB-9A92-C2D218560059}.Debug|Any CPU.Build.0 = Debug|Any CPU
		{3BF6D383-6BFC-4DBB-9A92-C2D218560059}.Release|Any CPU.ActiveCfg = Release|Any CPU
		{3BF6D383-6BFC-4DBB-9A92-C2D218560059}.Release|Any CPU.Build.0 = Release|Any CPU
	EndGlobalSection
	GlobalSection(SolutionProperties) = preSolution
		HideSolutionNode = FALSE
	EndGlobalSection
	GlobalSection(ExtensibilityGlobals) = postSolution
		SolutionGuid = {AC5D3EA8-8586-4762-8508-792F92B9C142}
	EndGlobalSection
EndGlobal
